
Microsoft Visual Studio Solution File, Format Version 12.00
# Visual Studio Version 17
VisualStudioVersion = 17.9.34728.123
MinimumVisualStudioVersion = 10.0.40219.1
Project("{FAE04EC0-301F-11D3-BF4B-00C04F79EFBC}") = "WeatherForecastAPI", "WeatherForecastAPI\WeatherForecastAPI.csproj", "{7A463B25-B784-4E85-9C68-80488A6F3041}"
EndProject
Project("{FAE04EC0-301F-11D3-BF4B-00C04F79EFBC}") = "WeatherForecastAPI.Infrastructure", "WeatherForecastAPI.Infrastructure\WeatherForecastAPI.Infrastructure.csproj", "{BE4FB6CF-8B08-4F56-8D92-9E2473228B4D}"
EndProject
Project("{FAE04EC0-301F-11D3-BF4B-00C04F79EFBC}") = "WeatherForecastAPI.Domain", "WeatherForecastAPI.Domain\WeatherForecastAPI.Domain.csproj", "{D7B65350-BCC3-477B-AD27-264EAC023C63}"
EndProject
Project("{FAE04EC0-301F-11D3-BF4B-00C04F79EFBC}") = "WeatherForecastAPI.Application", "WeatherForecastAPI.Application\WeatherForecastAPI.Application.csproj", "{4A30A12F-12B5-437D-B643-A51AEA9742C7}"
EndProject
Project("{FAE04EC0-301F-11D3-BF4B-00C04F79EFBC}") = "WeatherForecastAPI.Tests", "WeatherForecastAPI.Tests\WeatherForecastAPI.Tests.csproj", "{0831101C-41AD-412E-99C7-499B883842B2}"
EndProject
Global
	GlobalSection(SolutionConfigurationPlatforms) = preSolution
		Debug|Any CPU = Debug|Any CPU
		Release|Any CPU = Release|Any CPU
	EndGlobalSection
	GlobalSection(ProjectConfigurationPlatforms) = postSolution
		{7A463B25-B784-4E85-9C68-80488A6F3041}.Debug|Any CPU.ActiveCfg = Debug|Any CPU
		{7A463B25-B784-4E85-9C68-80488A6F3041}.Debug|Any CPU.Build.0 = Debug|Any CPU
		{7A463B25-B784-4E85-9C68-80488A6F3041}.Release|Any CPU.ActiveCfg = Release|Any CPU
		{7A463B25-B784-4E85-9C68-80488A6F3041}.Release|Any CPU.Build.0 = Release|Any CPU
		{BE4FB6CF-8B08-4F56-8D92-9E2473228B4D}.Debug|Any CPU.ActiveCfg = Debug|Any CPU
		{BE4FB6CF-8B08-4F56-8D92-9E2473228B4D}.Debug|Any CPU.Build.0 = Debug|Any CPU
		{BE4FB6CF-8B08-4F56-8D92-9E2473228B4D}.Release|Any CPU.ActiveCfg = Release|Any CPU
		{BE4FB6CF-8B08-4F56-8D92-9E2473228B4D}.Release|Any CPU.Build.0 = Release|Any CPU
		{D7B65350-BCC3-477B-AD27-264EAC023C63}.Debug|Any CPU.ActiveCfg = Debug|Any CPU
		{D7B65350-BCC3-477B-AD27-264EAC023C63}.Debug|Any CPU.Build.0 = Debug|Any CPU
		{D7B65350-BCC3-477B-AD27-264EAC023C63}.Release|Any CPU.ActiveCfg = Release|Any CPU
		{D7B65350-BCC3-477B-AD27-264EAC023C63}.Release|Any CPU.Build.0 = Release|Any CPU
		{4A30A12F-12B5-437D-B643-A51AEA9742C7}.Debug|Any CPU.ActiveCfg = Debug|Any CPU
		{4A30A12F-12B5-437D-B643-A51AEA9742C7}.Debug|Any CPU.Build.0 = Debug|Any CPU
		{4A30A12F-12B5-437D-B643-A51AEA9742C7}.Release|Any CPU.ActiveCfg = Release|Any CPU
		{4A30A12F-12B5-437D-B643-A51AEA9742C7}.Release|Any CPU.Build.0 = Release|Any CPU
		{0831101C-41AD-412E-99C7-499B883842B2}.Debug|Any CPU.ActiveCfg = Debug|Any CPU
		{0831101C-41AD-412E-99C7-499B883842B2}.Debug|Any CPU.Build.0 = Debug|Any CPU
		{0831101C-41AD-412E-99C7-499B883842B2}.Release|Any CPU.ActiveCfg = Release|Any CPU
		{0831101C-41AD-412E-99C7-499B883842B2}.Release|Any CPU.Build.0 = Release|Any CPU
	EndGlobalSection
	GlobalSection(SolutionProperties) = preSolution
		HideSolutionNode = FALSE
	EndGlobalSection
	GlobalSection(ExtensibilityGlobals) = postSolution
		SolutionGuid = {128A2B5B-4EA5-4EF4-9C78-CC9BA62B1B42}
	EndGlobalSection
EndGlobal
